// !$*UTF8*$!
{
	archiveVersion = 1;
	classes = {
	};
	objectVersion = 50;
	objects = {

/* Begin PBXBuildFile section */
		82AE4DCA24575A63000A2A80 /* AppDelegate.swift in Sources */ = {isa = PBXBuildFile; fileRef = 82AE4DC924575A63000A2A80 /* AppDelegate.swift */; };
		82AE4DCC24575A63000A2A80 /* GameScene.sks in Resources */ = {isa = PBXBuildFile; fileRef = 82AE4DCB24575A63000A2A80 /* GameScene.sks */; };
		82AE4DCE24575A63000A2A80 /* Actions.sks in Resources */ = {isa = PBXBuildFile; fileRef = 82AE4DCD24575A63000A2A80 /* Actions.sks */; };
		82AE4DD024575A63000A2A80 /* GameScene.swift in Sources */ = {isa = PBXBuildFile; fileRef = 82AE4DCF24575A63000A2A80 /* GameScene.swift */; };
		82AE4DD224575A63000A2A80 /* GameViewController.swift in Sources */ = {isa = PBXBuildFile; fileRef = 82AE4DD124575A63000A2A80 /* GameViewController.swift */; };
		82AE4DD524575A63000A2A80 /* Main.storyboard in Resources */ = {isa = PBXBuildFile; fileRef = 82AE4DD324575A63000A2A80 /* Main.storyboard */; };
		82AE4DD724575A6D000A2A80 /* Assets.xcassets in Resources */ = {isa = PBXBuildFile; fileRef = 82AE4DD624575A6D000A2A80 /* Assets.xcassets */; };
		82AE4DDA24575A6D000A2A80 /* LaunchScreen.storyboard in Resources */ = {isa = PBXBuildFile; fileRef = 82AE4DD824575A6D000A2A80 /* LaunchScreen.storyboard */; };
		82AE4DE524575A6D000A2A80 /* CoronaTrackerTests.swift in Sources */ = {isa = PBXBuildFile; fileRef = 82AE4DE424575A6D000A2A80 /* CoronaTrackerTests.swift */; };
		82AE4DF024575A6D000A2A80 /* CoronaTrackerUITests.swift in Sources */ = {isa = PBXBuildFile; fileRef = 82AE4DEF24575A6D000A2A80 /* CoronaTrackerUITests.swift */; };
/* End PBXBuildFile section */

/* Begin PBXContainerItemProxy section */
		82AE4DE124575A6D000A2A80 /* PBXContainerItemProxy */ = {
			isa = PBXContainerItemProxy;
			containerPortal = 82AE4DBE24575A63000A2A80 /* Project object */;
			proxyType = 1;
			remoteGlobalIDString = 82AE4DC524575A63000A2A80;
			remoteInfo = CoronaTracker;
		};
		82AE4DEC24575A6D000A2A80 /* PBXContainerItemProxy */ = {
			isa = PBXContainerItemProxy;
			containerPortal = 82AE4DBE24575A63000A2A80 /* Project object */;
			proxyType = 1;
			remoteGlobalIDString = 82AE4DC524575A63000A2A80;
			remoteInfo = CoronaTracker;
		};
/* End PBXContainerItemProxy section */

/* Begin PBXFileReference section */
		82AE4DC624575A63000A2A80 /* CoronaTracker.app */ = {isa = PBXFileReference; explicitFileType = wrapper.application; includeInIndex = 0; path = CoronaTracker.app; sourceTree = BUILT_PRODUCTS_DIR; };
		82AE4DC924575A63000A2A80 /* AppDelegate.swift */ = {isa = PBXFileReference; lastKnownFileType = sourcecode.swift; path = AppDelegate.swift; sourceTree = "<group>"; };
		82AE4DCB24575A63000A2A80 /* GameScene.sks */ = {isa = PBXFileReference; lastKnownFileType = file.sks; path = GameScene.sks; sourceTree = "<group>"; };
		82AE4DCD24575A63000A2A80 /* Actions.sks */ = {isa = PBXFileReference; lastKnownFileType = file.sks; path = Actions.sks; sourceTree = "<group>"; };
		82AE4DCF24575A63000A2A80 /* GameScene.swift */ = {isa = PBXFileReference; lastKnownFileType = sourcecode.swift; path = GameScene.swift; sourceTree = "<group>"; };
		82AE4DD124575A63000A2A80 /* GameViewController.swift */ = {isa = PBXFileReference; lastKnownFileType = sourcecode.swift; path = GameViewController.swift; sourceTree = "<group>"; };
		82AE4DD424575A63000A2A80 /* Base */ = {isa = PBXFileReference; lastKnownFileType = file.storyboard; name = Base; path = Base.lproj/Main.storyboard; sourceTree = "<group>"; };
		82AE4DD624575A6D000A2A80 /* Assets.xcassets */ = {isa = PBXFileReference; lastKnownFileType = folder.assetcatalog; path = Assets.xcassets; sourceTree = "<group>"; };
		82AE4DD924575A6D000A2A80 /* Base */ = {isa = PBXFileReference; lastKnownFileType = file.storyboard; name = Base; path = Base.lproj/LaunchScreen.storyboard; sourceTree = "<group>"; };
		82AE4DDB24575A6D000A2A80 /* Info.plist */ = {isa = PBXFileReference; lastKnownFileType = text.plist.xml; path = Info.plist; sourceTree = "<group>"; };
		82AE4DE024575A6D000A2A80 /* CoronaTrackerTests.xctest */ = {isa = PBXFileReference; explicitFileType = wrapper.cfbundle; includeInIndex = 0; path = CoronaTrackerTests.xctest; sourceTree = BUILT_PRODUCTS_DIR; };
		82AE4DE424575A6D000A2A80 /* CoronaTrackerTests.swift */ = {isa = PBXFileReference; lastKnownFileType = sourcecode.swift; path = CoronaTrackerTests.swift; sourceTree = "<group>"; };
		82AE4DE624575A6D000A2A80 /* Info.plist */ = {isa = PBXFileReference; lastKnownFileType = text.plist.xml; path = Info.plist; sourceTree = "<group>"; };
		82AE4DEB24575A6D000A2A80 /* CoronaTrackerUITests.xctest */ = {isa = PBXFileReference; explicitFileType = wrapper.cfbundle; includeInIndex = 0; path = CoronaTrackerUITests.xctest; sourceTree = BUILT_PRODUCTS_DIR; };
		82AE4DEF24575A6D000A2A80 /* CoronaTrackerUITests.swift */ = {isa = PBXFileReference; lastKnownFileType = sourcecode.swift; path = CoronaTrackerUITests.swift; sourceTree = "<group>"; };
		82AE4DF124575A6D000A2A80 /* Info.plist */ = {isa = PBXFileReference; lastKnownFileType = text.plist.xml; path = Info.plist; sourceTree = "<group>"; };
/* End PBXFileReference section */

/* Begin PBXFrameworksBuildPhase section */
		82AE4DC324575A63000A2A80 /* Frameworks */ = {
			isa = PBXFrameworksBuildPhase;
			buildActionMask = 2147483647;
			files = (
			);
			runOnlyForDeploymentPostprocessing = 0;
		};
		82AE4DDD24575A6D000A2A80 /* Frameworks */ = {
			isa = PBXFrameworksBuildPhase;
			buildActionMask = 2147483647;
			files = (
			);
			runOnlyForDeploymentPostprocessing = 0;
		};
		82AE4DE824575A6D000A2A80 /* Frameworks */ = {
			isa = PBXFrameworksBuildPhase;
			buildActionMask = 2147483647;
			files = (
			);
			runOnlyForDeploymentPostprocessing = 0;
		};
/* End PBXFrameworksBuildPhase section */

/* Begin PBXGroup section */
		82AE4DBD24575A63000A2A80 = {
			isa = PBXGroup;
			children = (
				82AE4DC824575A63000A2A80 /* CoronaTracker */,
				82AE4DE324575A6D000A2A80 /* CoronaTrackerTests */,
				82AE4DEE24575A6D000A2A80 /* CoronaTrackerUITests */,
				82AE4DC724575A63000A2A80 /* Products */,
			);
			sourceTree = "<group>";
		};
		82AE4DC724575A63000A2A80 /* Products */ = {
			isa = PBXGroup;
			children = (
				82AE4DC624575A63000A2A80 /* CoronaTracker.app */,
				82AE4DE024575A6D000A2A80 /* CoronaTrackerTests.xctest */,
				82AE4DEB24575A6D000A2A80 /* CoronaTrackerUITests.xctest */,
			);
			name = Products;
			sourceTree = "<group>";
		};
		82AE4DC824575A63000A2A80 /* CoronaTracker */ = {
			isa = PBXGroup;
			children = (
				82AE4DC924575A63000A2A80 /* AppDelegate.swift */,
				82AE4DCB24575A63000A2A80 /* GameScene.sks */,
				82AE4DCD24575A63000A2A80 /* Actions.sks */,
				82AE4DCF24575A63000A2A80 /* GameScene.swift */,
				82AE4DD124575A63000A2A80 /* GameViewController.swift */,
				82AE4DD324575A63000A2A80 /* Main.storyboard */,
				82AE4DD624575A6D000A2A80 /* Assets.xcassets */,
				82AE4DD824575A6D000A2A80 /* LaunchScreen.storyboard */,
				82AE4DDB24575A6D000A2A80 /* Info.plist */,
			);
			path = CoronaTracker;
			sourceTree = "<group>";
		};
		82AE4DE324575A6D000A2A80 /* CoronaTrackerTests */ = {
			isa = PBXGroup;
			children = (
				82AE4DE424575A6D000A2A80 /* CoronaTrackerTests.swift */,
				82AE4DE624575A6D000A2A80 /* Info.plist */,
			);
			path = CoronaTrackerTests;
			sourceTree = "<group>";
		};
		82AE4DEE24575A6D000A2A80 /* CoronaTrackerUITests */ = {
			isa = PBXGroup;
			children = (
				82AE4DEF24575A6D000A2A80 /* CoronaTrackerUITests.swift */,
				82AE4DF124575A6D000A2A80 /* Info.plist */,
			);
			path = CoronaTrackerUITests;
			sourceTree = "<group>";
		};
/* End PBXGroup section */

/* Begin PBXNativeTarget section */
		82AE4DC524575A63000A2A80 /* CoronaTracker */ = {
			isa = PBXNativeTarget;
			buildConfigurationList = 82AE4DF424575A6D000A2A80 /* Build configuration list for PBXNativeTarget "CoronaTracker" */;
			buildPhases = (
				82AE4DC224575A63000A2A80 /* Sources */,
				82AE4DC324575A63000A2A80 /* Frameworks */,
				82AE4DC424575A63000A2A80 /* Resources */,
			);
			buildRules = (
			);
			dependencies = (
			);
			name = CoronaTracker;
			productName = CoronaTracker;
			productReference = 82AE4DC624575A63000A2A80 /* CoronaTracker.app */;
			productType = "com.apple.product-type.application";
		};
		82AE4DDF24575A6D000A2A80 /* CoronaTrackerTests */ = {
			isa = PBXNativeTarget;
			buildConfigurationList = 82AE4DF724575A6D000A2A80 /* Build configuration list for PBXNativeTarget "CoronaTrackerTests" */;
			buildPhases = (
				82AE4DDC24575A6D000A2A80 /* Sources */,
				82AE4DDD24575A6D000A2A80 /* Frameworks */,
				82AE4DDE24575A6D000A2A80 /* Resources */,
			);
			buildRules = (
			);
			dependencies = (
				82AE4DE224575A6D000A2A80 /* PBXTargetDependency */,
			);
			name = CoronaTrackerTests;
			productName = CoronaTrackerTests;
			productReference = 82AE4DE024575A6D000A2A80 /* CoronaTrackerTests.xctest */;
			productType = "com.apple.product-type.bundle.unit-test";
		};
		82AE4DEA24575A6D000A2A80 /* CoronaTrackerUITests */ = {
			isa = PBXNativeTarget;
			buildConfigurationList = 82AE4DFA24575A6D000A2A80 /* Build configuration list for PBXNativeTarget "CoronaTrackerUITests" */;
			buildPhases = (
				82AE4DE724575A6D000A2A80 /* Sources */,
				82AE4DE824575A6D000A2A80 /* Frameworks */,
				82AE4DE924575A6D000A2A80 /* Resources */,
			);
			buildRules = (
			);
			dependencies = (
				82AE4DED24575A6D000A2A80 /* PBXTargetDependency */,
			);
			name = CoronaTrackerUITests;
			productName = CoronaTrackerUITests;
			productReference = 82AE4DEB24575A6D000A2A80 /* CoronaTrackerUITests.xctest */;
			productType = "com.apple.product-type.bundle.ui-testing";
		};
/* End PBXNativeTarget section */

/* Begin PBXProject section */
		82AE4DBE24575A63000A2A80 /* Project object */ = {
			isa = PBXProject;
			attributes = {
				LastSwiftUpdateCheck = 1140;
				LastUpgradeCheck = 1140;
				ORGANIZATIONNAME = CarolineEvans;
				TargetAttributes = {
					82AE4DC524575A63000A2A80 = {
						CreatedOnToolsVersion = 11.4.1;
					};
					82AE4DDF24575A6D000A2A80 = {
						CreatedOnToolsVersion = 11.4.1;
						TestTargetID = 82AE4DC524575A63000A2A80;
					};
					82AE4DEA24575A6D000A2A80 = {
						CreatedOnToolsVersion = 11.4.1;
						TestTargetID = 82AE4DC524575A63000A2A80;
					};
				};
			};
			buildConfigurationList = 82AE4DC124575A63000A2A80 /* Build configuration list for PBXProject "CoronaTracker" */;
			compatibilityVersion = "Xcode 9.3";
			developmentRegion = en;
			hasScannedForEncodings = 0;
			knownRegions = (
				en,
				Base,
			);
			mainGroup = 82AE4DBD24575A63000A2A80;
			productRefGroup = 82AE4DC724575A63000A2A80 /* Products */;
			projectDirPath = "";
			projectRoot = "";
			targets = (
				82AE4DC524575A63000A2A80 /* CoronaTracker */,
				82AE4DDF24575A6D000A2A80 /* CoronaTrackerTests */,
				82AE4DEA24575A6D000A2A80 /* CoronaTrackerUITests */,
			);
		};
/* End PBXProject section */

/* Begin PBXResourcesBuildPhase section */
		82AE4DC424575A63000A2A80 /* Resources */ = {
			isa = PBXResourcesBuildPhase;
			buildActionMask = 2147483647;
			files = (
				82AE4DD524575A63000A2A80 /* Main.storyboard in Resources */,
				82AE4DCC24575A63000A2A80 /* GameScene.sks in Resources */,
				82AE4DD724575A6D000A2A80 /* Assets.xcassets in Resources */,
				82AE4DDA24575A6D000A2A80 /* LaunchScreen.storyboard in Resources */,
				82AE4DCE24575A63000A2A80 /* Actions.sks in Resources */,
			);
			runOnlyForDeploymentPostprocessing = 0;
		};
		82AE4DDE24575A6D000A2A80 /* Resources */ = {
			isa = PBXResourcesBuildPhase;
			buildActionMask = 2147483647;
			files = (
			);
			runOnlyForDeploymentPostprocessing = 0;
		};
		82AE4DE924575A6D000A2A80 /* Resources */ = {
			isa = PBXResourcesBuildPhase;
			buildActionMask = 2147483647;
			files = (
			);
			runOnlyForDeploymentPostprocessing = 0;
		};
/* End PBXResourcesBuildPhase section */

/* Begin PBXSourcesBuildPhase section */
		82AE4DC224575A63000A2A80 /* Sources */ = {
			isa = PBXSourcesBuildPhase;
			buildActionMask = 2147483647;
			files = (
				82AE4DD024575A63000A2A80 /* GameScene.swift in Sources */,
				82AE4DD224575A63000A2A80 /* GameViewController.swift in Sources */,
				82AE4DCA24575A63000A2A80 /* AppDelegate.swift in Sources */,
			);
			runOnlyForDeploymentPostprocessing = 0;
		};
		82AE4DDC24575A6D000A2A80 /* Sources */ = {
			isa = PBXSourcesBuildPhase;
			buildActionMask = 2147483647;
			files = (
				82AE4DE524575A6D000A2A80 /* CoronaTrackerTests.swift in Sources */,
			);
			runOnlyForDeploymentPostprocessing = 0;
		};
		82AE4DE724575A6D000A2A80 /* Sources */ = {
			isa = PBXSourcesBuildPhase;
			buildActionMask = 2147483647;
			files = (
				82AE4DF024575A6D000A2A80 /* CoronaTrackerUITests.swift in Sources */,
			);
			runOnlyForDeploymentPostprocessing = 0;
		};
/* End PBXSourcesBuildPhase section */

/* Begin PBXTargetDependency section */
		82AE4DE224575A6D000A2A80 /* PBXTargetDependency */ = {
			isa = PBXTargetDependency;
			target = 82AE4DC524575A63000A2A80 /* CoronaTracker */;
			targetProxy = 82AE4DE124575A6D000A2A80 /* PBXContainerItemProxy */;
		};
		82AE4DED24575A6D000A2A80 /* PBXTargetDependency */ = {
			isa = PBXTargetDependency;
			target = 82AE4DC524575A63000A2A80 /* CoronaTracker */;
			targetProxy = 82AE4DEC24575A6D000A2A80 /* PBXContainerItemProxy */;
		};
/* End PBXTargetDependency section */

/* Begin PBXVariantGroup section */
		82AE4DD324575A63000A2A80 /* Main.storyboard */ = {
			isa = PBXVariantGroup;
			children = (
				82AE4DD424575A63000A2A80 /* Base */,
			);
			name = Main.storyboard;
			sourceTree = "<group>";
		};
		82AE4DD824575A6D000A2A80 /* LaunchScreen.storyboard */ = {
			isa = PBXVariantGroup;
			children = (
				82AE4DD924575A6D000A2A80 /* Base */,
			);
			name = LaunchScreen.storyboard;
			sourceTree = "<group>";
		};
/* End PBXVariantGroup section */

/* Begin XCBuildConfiguration section */
		82AE4DF224575A6D000A2A80 /* Debug */ = {
			isa = XCBuildConfiguration;
			buildSettings = {
				ALWAYS_SEARCH_USER_PATHS = NO;
				CLANG_ANALYZER_NONNULL = YES;
				CLANG_ANALYZER_NUMBER_OBJECT_CONVERSION = YES_AGGRESSIVE;
				CLANG_CXX_LANGUAGE_STANDARD = "gnu++14";
				CLANG_CXX_LIBRARY = "libc++";
				CLANG_ENABLE_MODULES = YES;
				CLANG_ENABLE_OBJC_ARC = YES;
				CLANG_ENABLE_OBJC_WEAK = YES;
				CLANG_WARN_BLOCK_CAPTURE_AUTORELEASING = YES;
				CLANG_WARN_BOOL_CONVERSION = YES;
				CLANG_WARN_COMMA = YES;
				CLANG_WARN_CONSTANT_CONVERSION = YES;
				CLANG_WARN_DEPRECATED_OBJC_IMPLEMENTATIONS = YES;
				CLANG_WARN_DIRECT_OBJC_ISA_USAGE = YES_ERROR;
				CLANG_WARN_DOCUMENTATION_COMMENTS = YES;
				CLANG_WARN_EMPTY_BODY = YES;
				CLANG_WARN_ENUM_CONVERSION = YES;
				CLANG_WARN_INFINITE_RECURSION = YES;
				CLANG_WARN_INT_CONVERSION = YES;
				CLANG_WARN_NON_LITERAL_NULL_CONVERSION = YES;
				CLANG_WARN_OBJC_IMPLICIT_RETAIN_SELF = YES;
				CLANG_WARN_OBJC_LITERAL_CONVERSION = YES;
				CLANG_WARN_OBJC_ROOT_CLASS = YES_ERROR;
				CLANG_WARN_RANGE_LOOP_ANALYSIS = YES;
				CLANG_WARN_STRICT_PROTOTYPES = YES;
				CLANG_WARN_SUSPICIOUS_MOVE = YES;
				CLANG_WARN_UNGUARDED_AVAILABILITY = YES_AGGRESSIVE;
				CLANG_WARN_UNREACHABLE_CODE = YES;
				CLANG_WARN__DUPLICATE_METHOD_MATCH = YES;
				COPY_PHASE_STRIP = NO;
				DEBUG_INFORMATION_FORMAT = dwarf;
				ENABLE_STRICT_OBJC_MSGSEND = YES;
				ENABLE_TESTABILITY = YES;
				GCC_C_LANGUAGE_STANDARD = gnu11;
				GCC_DYNAMIC_NO_PIC = NO;
				GCC_NO_COMMON_BLOCKS = YES;
				GCC_OPTIMIZATION_LEVEL = 0;
				GCC_PREPROCESSOR_DEFINITIONS = (
					"DEBUG=1",
					"$(inherited)",
				);
				GCC_WARN_64_TO_32_BIT_CONVERSION = YES;
				GCC_WARN_ABOUT_RETURN_TYPE = YES_ERROR;
				GCC_WARN_UNDECLARED_SELECTOR = YES;
				GCC_WARN_UNINITIALIZED_AUTOS = YES_AGGRESSIVE;
				GCC_WARN_UNUSED_FUNCTION = YES;
				GCC_WARN_UNUSED_VARIABLE = YES;
				IPHONEOS_DEPLOYMENT_TARGET = 13.4;
				MTL_ENABLE_DEBUG_INFO = INCLUDE_SOURCE;
				MTL_FAST_MATH = YES;
				ONLY_ACTIVE_ARCH = YES;
				SDKROOT = iphoneos;
				SWIFT_ACTIVE_COMPILATION_CONDITIONS = DEBUG;
				SWIFT_OPTIMIZATION_LEVEL = "-Onone";
			};
			name = Debug;
		};
		82AE4DF324575A6D000A2A80 /* Release */ = {
			isa = XCBuildConfiguration;
			buildSettings = {
				ALWAYS_SEARCH_USER_PATHS = NO;
				CLANG_ANALYZER_NONNULL = YES;
				CLANG_ANALYZER_NUMBER_OBJECT_CONVERSION = YES_AGGRESSIVE;
				CLANG_CXX_LANGUAGE_STANDARD = "gnu++14";
				CLANG_CXX_LIBRARY = "libc++";
				CLANG_ENABLE_MODULES = YES;
				CLANG_ENABLE_OBJC_ARC = YES;
				CLANG_ENABLE_OBJC_WEAK = YES;
				CLANG_WARN_BLOCK_CAPTURE_AUTORELEASING = YES;
				CLANG_WARN_BOOL_CONVERSION = YES;
				CLANG_WARN_COMMA = YES;
				CLANG_WARN_CONSTANT_CONVERSION = YES;
				CLANG_WARN_DEPRECATED_OBJC_IMPLEMENTATIONS = YES;
				CLANG_WARN_DIRECT_OBJC_ISA_USAGE = YES_ERROR;
				CLANG_WARN_DOCUMENTATION_COMMENTS = YES;
				CLANG_WARN_EMPTY_BODY = YES;
				CLANG_WARN_ENUM_CONVERSION = YES;
				CLANG_WARN_INFINITE_RECURSION = YES;
				CLANG_WARN_INT_CONVERSION = YES;
				CLANG_WARN_NON_LITERAL_NULL_CONVERSION = YES;
				CLANG_WARN_OBJC_IMPLICIT_RETAIN_SELF = YES;
				CLANG_WARN_OBJC_LITERAL_CONVERSION = YES;
				CLANG_WARN_OBJC_ROOT_CLASS = YES_ERROR;
				CLANG_WARN_RANGE_LOOP_ANALYSIS = YES;
				CLANG_WARN_STRICT_PROTOTYPES = YES;
				CLANG_WARN_SUSPICIOUS_MOVE = YES;
				CLANG_WARN_UNGUARDED_AVAILABILITY = YES_AGGRESSIVE;
				CLANG_WARN_UNREACHABLE_CODE = YES;
				CLANG_WARN__DUPLICATE_METHOD_MATCH = YES;
				COPY_PHASE_STRIP = NO;
				DEBUG_INFORMATION_FORMAT = "dwarf-with-dsym";
				ENABLE_NS_ASSERTIONS = NO;
				ENABLE_STRICT_OBJC_MSGSEND = YES;
				GCC_C_LANGUAGE_STANDARD = gnu11;
				GCC_NO_COMMON_BLOCKS = YES;
				GCC_WARN_64_TO_32_BIT_CONVERSION = YES;
				GCC_WARN_ABOUT_RETURN_TYPE = YES_ERROR;
				GCC_WARN_UNDECLARED_SELECTOR = YES;
				GCC_WARN_UNINITIALIZED_AUTOS = YES_AGGRESSIVE;
				GCC_WARN_UNUSED_FUNCTION = YES;
				GCC_WARN_UNUSED_VARIABLE = YES;
				IPHONEOS_DEPLOYMENT_TARGET = 13.4;
				MTL_ENABLE_DEBUG_INFO = NO;
				MTL_FAST_MATH = YES;
				SDKROOT = iphoneos;
				SWIFT_COMPILATION_MODE = wholemodule;
				SWIFT_OPTIMIZATION_LEVEL = "-O";
				VALIDATE_PRODUCT = YES;
			};
			name = Release;
		};
		82AE4DF524575A6D000A2A80 /* Debug */ = {
			isa = XCBuildConfiguration;
			buildSettings = {
				ASSETCATALOG_COMPILER_APPICON_NAME = AppIcon;
				CODE_SIGN_STYLE = Automatic;
				DEVELOPMENT_TEAM = Y5D4N47VR3;
				INFOPLIST_FILE = CoronaTracker/Info.plist;
				LD_RUNPATH_SEARCH_PATHS = (
					"$(inherited)",
					"@executable_path/Frameworks",
				);
				PRODUCT_BUNDLE_IDENTIFIER = CS.CoronaTracker;
				PRODUCT_NAME = "$(TARGET_NAME)";
				SWIFT_VERSION = 5.0;
				TARGETED_DEVICE_FAMILY = "1,2";
			};
			name = Debug;
		};
		82AE4DF624575A6D000A2A80 /* Release */ = {
			isa = XCBuildConfiguration;
			buildSettings = {
				ASSETCATALOG_COMPILER_APPICON_NAME = AppIcon;
				CODE_SIGN_STYLE = Automatic;
				DEVELOPMENT_TEAM = Y5D4N47VR3;
				INFOPLIST_FILE = CoronaTracker/Info.plist;
				LD_RUNPATH_SEARCH_PATHS = (
					"$(inherited)",
					"@executable_path/Frameworks",
				);
				PRODUCT_BUNDLE_IDENTIFIER = CS.CoronaTracker;
				PRODUCT_NAME = "$(TARGET_NAME)";
				SWIFT_VERSION = 5.0;
				TARGETED_DEVICE_FAMILY = "1,2";
			};
			name = Release;
		};
		82AE4DF824575A6D000A2A80 /* Debug */ = {
			isa = XCBuildConfiguration;
			buildSettings = {
				ALWAYS_EMBED_SWIFT_STANDARD_LIBRARIES = YES;
				BUNDLE_LOADER = "$(TEST_HOST)";
				CODE_SIGN_STYLE = Automatic;
				DEVELOPMENT_TEAM = Y5D4N47VR3;
				INFOPLIST_FILE = CoronaTrackerTests/Info.plist;
				IPHONEOS_DEPLOYMENT_TARGET = 13.4;
				LD_RUNPATH_SEARCH_PATHS = (
					"$(inherited)",
					"@executable_path/Frameworks",
					"@loader_path/Frameworks",
				);
				PRODUCT_BUNDLE_IDENTIFIER = CS.CoronaTrackerTests;
				PRODUCT_NAME = "$(TARGET_NAME)";
				SWIFT_VERSION = 5.0;
				TARGETED_DEVICE_FAMILY = "1,2";
				TEST_HOST = "$(BUILT_PRODUCTS_DIR)/CoronaTracker.app/CoronaTracker";
			};
			name = Debug;
		};
		82AE4DF924575A6D000A2A80 /* Release */ = {
			isa = XCBuildConfiguration;
			buildSettings = {
				ALWAYS_EMBED_SWIFT_STANDARD_LIBRARIES = YES;
				BUNDLE_LOADER = "$(TEST_HOST)";
				CODE_SIGN_STYLE = Automatic;
				DEVELOPMENT_TEAM = Y5D4N47VR3;
				INFOPLIST_FILE = CoronaTrackerTests/Info.plist;
				IPHONEOS_DEPLOYMENT_TARGET = 13.4;
				LD_RUNPATH_SEARCH_PATHS = (
					"$(inherited)",
					"@executable_path/Frameworks",
					"@loader_path/Frameworks",
				);
				PRODUCT_BUNDLE_IDENTIFIER = CS.CoronaTrackerTests;
				PRODUCT_NAME = "$(TARGET_NAME)";
				SWIFT_VERSION = 5.0;
				TARGETED_DEVICE_FAMILY = "1,2";
				TEST_HOST = "$(BUILT_PRODUCTS_DIR)/CoronaTracker.app/CoronaTracker";
			};
			name = Release;
		};
		82AE4DFB24575A6D000A2A80 /* Debug */ = {
			isa = XCBuildConfiguration;
			buildSettings = {
				ALWAYS_EMBED_SWIFT_STANDARD_LIBRARIES = YES;
				CODE_SIGN_STYLE = Automatic;
				DEVELOPMENT_TEAM = Y5D4N47VR3;
				INFOPLIST_FILE = CoronaTrackerUITests/Info.plist;
				LD_RUNPATH_SEARCH_PATHS = (
					"$(inherited)",
					"@executable_path/Frameworks",
					"@loader_path/Frameworks",
				);
				PRODUCT_BUNDLE_IDENTIFIER = CS.CoronaTrackerUITests;
				PRODUCT_NAME = "$(TARGET_NAME)";
				SWIFT_VERSION = 5.0;
				TARGETED_DEVICE_FAMILY = "1,2";
				TEST_TARGET_NAME = CoronaTracker;
			};
			name = Debug;
		};
		82AE4DFC24575A6D000A2A80 /* Release */ = {
			isa = XCBuildConfiguration;
			buildSettings = {
				ALWAYS_EMBED_SWIFT_STANDARD_LIBRARIES = YES;
				CODE_SIGN_STYLE = Automatic;
				DEVELOPMENT_TEAM = Y5D4N47VR3;
				INFOPLIST_FILE = CoronaTrackerUITests/Info.plist;
				LD_RUNPATH_SEARCH_PATHS = (
					"$(inherited)",
					"@executable_path/Frameworks",
					"@loader_path/Frameworks",
				);
				PRODUCT_BUNDLE_IDENTIFIER = CS.CoronaTrackerUITests;
				PRODUCT_NAME = "$(TARGET_NAME)";
				SWIFT_VERSION = 5.0;
				TARGETED_DEVICE_FAMILY = "1,2";
				TEST_TARGET_NAME = CoronaTracker;
			};
			name = Release;
		};
/* End XCBuildConfiguration section */

/* Begin XCConfigurationList section */
		82AE4DC124575A63000A2A80 /* Build configuration list for PBXProject "CoronaTracker" */ = {
			isa = XCConfigurationList;
			buildConfigurations = (
				82AE4DF224575A6D000A2A80 /* Debug */,
				82AE4DF324575A6D000A2A80 /* Release */,
			);
			defaultConfigurationIsVisible = 0;
			defaultConfigurationName = Release;
		};
		82AE4DF424575A6D000A2A80 /* Build configuration list for PBXNativeTarget "CoronaTracker" */ = {
			isa = XCConfigurationList;
			buildConfigurations = (
				82AE4DF524575A6D000A2A80 /* Debug */,
				82AE4DF624575A6D000A2A80 /* Release */,
			);
			defaultConfigurationIsVisible = 0;
			defaultConfigurationName = Release;
		};
		82AE4DF724575A6D000A2A80 /* Build configuration list for PBXNativeTarget "CoronaTrackerTests" */ = {
			isa = XCConfigurationList;
			buildConfigurations = (
				82AE4DF824575A6D000A2A80 /* Debug */,
				82AE4DF924575A6D000A2A80 /* Release */,
			);
			defaultConfigurationIsVisible = 0;
			defaultConfigurationName = Release;
		};
		82AE4DFA24575A6D000A2A80 /* Build configuration list for PBXNativeTarget "CoronaTrackerUITests" */ = {
			isa = XCConfigurationList;
			buildConfigurations = (
				82AE4DFB24575A6D000A2A80 /* Debug */,
				82AE4DFC24575A6D000A2A80 /* Release */,
			);
			defaultConfigurationIsVisible = 0;
			defaultConfigurationName = Release;
		};
/* End XCConfigurationList section */
	};
	rootObject = 82AE4DBE24575A63000A2A80 /* Project object */;
}
