// !$*UTF8*$!
{
	archiveVersion = 1;
	classes = {
	};
	objectVersion = 51;
	objects = {

/* Begin PBXBuildFile section */
		167CBD9224593AE6006D2383 /* LaunchViewController.swift in Sources */ = {isa = PBXBuildFile; fileRef = 167CBD9124593AE6006D2383 /* LaunchViewController.swift */; };
		167CBD94245A7AF2006D2383 /* CountdownLabel.swift in Sources */ = {isa = PBXBuildFile; fileRef = 167CBD93245A7AF2006D2383 /* CountdownLabel.swift */; };
		820F51092446588300A59340 /* AppDelegate.swift in Sources */ = {isa = PBXBuildFile; fileRef = 820F51082446588300A59340 /* AppDelegate.swift */; };
		820F510B2446588300A59340 /* SceneDelegate.swift in Sources */ = {isa = PBXBuildFile; fileRef = 820F510A2446588300A59340 /* SceneDelegate.swift */; };
		820F510D2446588300A59340 /* SimulationViewController.swift in Sources */ = {isa = PBXBuildFile; fileRef = 820F510C2446588300A59340 /* SimulationViewController.swift */; };
		820F51102446588300A59340 /* Main.storyboard in Resources */ = {isa = PBXBuildFile; fileRef = 820F510E2446588300A59340 /* Main.storyboard */; };
		820F51122446588500A59340 /* Assets.xcassets in Resources */ = {isa = PBXBuildFile; fileRef = 820F51112446588500A59340 /* Assets.xcassets */; };
		820F51152446588500A59340 /* LaunchScreen.storyboard in Resources */ = {isa = PBXBuildFile; fileRef = 820F51132446588500A59340 /* LaunchScreen.storyboard */; };
		820F51202446588500A59340 /* CoronaModelTests.swift in Sources */ = {isa = PBXBuildFile; fileRef = 820F511F2446588500A59340 /* CoronaModelTests.swift */; };
		820F512B2446588600A59340 /* CoronaModelUITests.swift in Sources */ = {isa = PBXBuildFile; fileRef = 820F512A2446588600A59340 /* CoronaModelUITests.swift */; };
		820F5139244669CB00A59340 /* CaseAnnotation.swift in Sources */ = {isa = PBXBuildFile; fileRef = 820F5138244669CB00A59340 /* CaseAnnotation.swift */; };
		8296F4A324580F36002B11BD /* Case.swift in Sources */ = {isa = PBXBuildFile; fileRef = 8296F4A224580F36002B11BD /* Case.swift */; };
		82AE4DBC245754A0000A2A80 /* MapScene.swift in Sources */ = {isa = PBXBuildFile; fileRef = 82AE4DBB245754A0000A2A80 /* MapScene.swift */; };
		82AE4E0024575BAA000A2A80 /* MapScene.sks in Resources */ = {isa = PBXBuildFile; fileRef = 82AE4DFF24575BAA000A2A80 /* MapScene.sks */; };
		82C0B8D0245F8F9500C15006 /* ResultsViewController.swift in Sources */ = {isa = PBXBuildFile; fileRef = 82C0B8CF245F8F9500C15006 /* ResultsViewController.swift */; };
		C7CAD941667094041282FE5D /* Pods_CoronaModel.framework in Frameworks */ = {isa = PBXBuildFile; fileRef = 8B6D72C0AED9D551082EE419 /* Pods_CoronaModel.framework */; };
/* End PBXBuildFile section */

/* Begin PBXContainerItemProxy section */
		820F511C2446588500A59340 /* PBXContainerItemProxy */ = {
			isa = PBXContainerItemProxy;
			containerPortal = 820F50FD2446588300A59340 /* Project object */;
			proxyType = 1;
			remoteGlobalIDString = 820F51042446588300A59340;
			remoteInfo = CoronaModel;
		};
		820F51272446588600A59340 /* PBXContainerItemProxy */ = {
			isa = PBXContainerItemProxy;
			containerPortal = 820F50FD2446588300A59340 /* Project object */;
			proxyType = 1;
			remoteGlobalIDString = 820F51042446588300A59340;
			remoteInfo = CoronaModel;
		};
/* End PBXContainerItemProxy section */

/* Begin PBXFileReference section */
		0E7B3221ACF6214BD911CC44 /* Pods-CoronaModel.release.xcconfig */ = {isa = PBXFileReference; includeInIndex = 1; lastKnownFileType = text.xcconfig; name = "Pods-CoronaModel.release.xcconfig"; path = "Target Support Files/Pods-CoronaModel/Pods-CoronaModel.release.xcconfig"; sourceTree = "<group>"; };
		167CBD9124593AE6006D2383 /* LaunchViewController.swift */ = {isa = PBXFileReference; lastKnownFileType = sourcecode.swift; path = LaunchViewController.swift; sourceTree = "<group>"; };
		167CBD93245A7AF2006D2383 /* CountdownLabel.swift */ = {isa = PBXFileReference; lastKnownFileType = sourcecode.swift; path = CountdownLabel.swift; sourceTree = "<group>"; };
		2A17F30627E5481AA57C8318 /* Pods-CoronaModel.debug.xcconfig */ = {isa = PBXFileReference; includeInIndex = 1; lastKnownFileType = text.xcconfig; name = "Pods-CoronaModel.debug.xcconfig"; path = "Target Support Files/Pods-CoronaModel/Pods-CoronaModel.debug.xcconfig"; sourceTree = "<group>"; };
		820F51052446588300A59340 /* CoronaModel.app */ = {isa = PBXFileReference; explicitFileType = wrapper.application; includeInIndex = 0; path = CoronaModel.app; sourceTree = BUILT_PRODUCTS_DIR; };
		820F51082446588300A59340 /* AppDelegate.swift */ = {isa = PBXFileReference; lastKnownFileType = sourcecode.swift; path = AppDelegate.swift; sourceTree = "<group>"; };
		820F510A2446588300A59340 /* SceneDelegate.swift */ = {isa = PBXFileReference; lastKnownFileType = sourcecode.swift; path = SceneDelegate.swift; sourceTree = "<group>"; };
		820F510C2446588300A59340 /* SimulationViewController.swift */ = {isa = PBXFileReference; lastKnownFileType = sourcecode.swift; path = SimulationViewController.swift; sourceTree = "<group>"; };
		820F510F2446588300A59340 /* Base */ = {isa = PBXFileReference; lastKnownFileType = file.storyboard; name = Base; path = Base.lproj/Main.storyboard; sourceTree = "<group>"; };
		820F51112446588500A59340 /* Assets.xcassets */ = {isa = PBXFileReference; lastKnownFileType = folder.assetcatalog; path = Assets.xcassets; sourceTree = "<group>"; };
		820F51142446588500A59340 /* Base */ = {isa = PBXFileReference; lastKnownFileType = file.storyboard; name = Base; path = Base.lproj/LaunchScreen.storyboard; sourceTree = "<group>"; };
		820F51162446588500A59340 /* Info.plist */ = {isa = PBXFileReference; lastKnownFileType = text.plist.xml; path = Info.plist; sourceTree = "<group>"; };
		820F511B2446588500A59340 /* CoronaModelTests.xctest */ = {isa = PBXFileReference; explicitFileType = wrapper.cfbundle; includeInIndex = 0; path = CoronaModelTests.xctest; sourceTree = BUILT_PRODUCTS_DIR; };
		820F511F2446588500A59340 /* CoronaModelTests.swift */ = {isa = PBXFileReference; lastKnownFileType = sourcecode.swift; path = CoronaModelTests.swift; sourceTree = "<group>"; };
		820F51212446588500A59340 /* Info.plist */ = {isa = PBXFileReference; lastKnownFileType = text.plist.xml; path = Info.plist; sourceTree = "<group>"; };
		820F51262446588600A59340 /* CoronaModelUITests.xctest */ = {isa = PBXFileReference; explicitFileType = wrapper.cfbundle; includeInIndex = 0; path = CoronaModelUITests.xctest; sourceTree = BUILT_PRODUCTS_DIR; };
		820F512A2446588600A59340 /* CoronaModelUITests.swift */ = {isa = PBXFileReference; lastKnownFileType = sourcecode.swift; path = CoronaModelUITests.swift; sourceTree = "<group>"; };
		820F512C2446588600A59340 /* Info.plist */ = {isa = PBXFileReference; lastKnownFileType = text.plist.xml; path = Info.plist; sourceTree = "<group>"; };
		820F5138244669CB00A59340 /* CaseAnnotation.swift */ = {isa = PBXFileReference; lastKnownFileType = sourcecode.swift; path = CaseAnnotation.swift; sourceTree = "<group>"; };
		8296F4A224580F36002B11BD /* Case.swift */ = {isa = PBXFileReference; lastKnownFileType = sourcecode.swift; path = Case.swift; sourceTree = "<group>"; };
		82AE4DBB245754A0000A2A80 /* MapScene.swift */ = {isa = PBXFileReference; lastKnownFileType = sourcecode.swift; path = MapScene.swift; sourceTree = "<group>"; };
		82AE4DFF24575BAA000A2A80 /* MapScene.sks */ = {isa = PBXFileReference; lastKnownFileType = file.sks; path = MapScene.sks; sourceTree = "<group>"; };
		82C0B8CF245F8F9500C15006 /* ResultsViewController.swift */ = {isa = PBXFileReference; lastKnownFileType = sourcecode.swift; path = ResultsViewController.swift; sourceTree = "<group>"; };
		8B6D72C0AED9D551082EE419 /* Pods_CoronaModel.framework */ = {isa = PBXFileReference; explicitFileType = wrapper.framework; includeInIndex = 0; path = Pods_CoronaModel.framework; sourceTree = BUILT_PRODUCTS_DIR; };
/* End PBXFileReference section */

/* Begin PBXFrameworksBuildPhase section */
		820F51022446588300A59340 /* Frameworks */ = {
			isa = PBXFrameworksBuildPhase;
			buildActionMask = 2147483647;
			files = (
				C7CAD941667094041282FE5D /* Pods_CoronaModel.framework in Frameworks */,
			);
			runOnlyForDeploymentPostprocessing = 0;
		};
		820F51182446588500A59340 /* Frameworks */ = {
			isa = PBXFrameworksBuildPhase;
			buildActionMask = 2147483647;
			files = (
			);
			runOnlyForDeploymentPostprocessing = 0;
		};
		820F51232446588600A59340 /* Frameworks */ = {
			isa = PBXFrameworksBuildPhase;
			buildActionMask = 2147483647;
			files = (
			);
			runOnlyForDeploymentPostprocessing = 0;
		};
/* End PBXFrameworksBuildPhase section */

/* Begin PBXGroup section */
		820F50FC2446588300A59340 = {
			isa = PBXGroup;
			children = (
				820F51072446588300A59340 /* CoronaModel */,
				820F511E2446588500A59340 /* CoronaModelTests */,
				820F51292446588600A59340 /* CoronaModelUITests */,
				820F51062446588300A59340 /* Products */,
				CDB389E705FFAD92BC503B47 /* Pods */,
				BFE711A723E6A072239DC372 /* Frameworks */,
			);
			sourceTree = "<group>";
		};
		820F51062446588300A59340 /* Products */ = {
			isa = PBXGroup;
			children = (
				820F51052446588300A59340 /* CoronaModel.app */,
				820F511B2446588500A59340 /* CoronaModelTests.xctest */,
				820F51262446588600A59340 /* CoronaModelUITests.xctest */,
			);
			name = Products;
			sourceTree = "<group>";
		};
		820F51072446588300A59340 /* CoronaModel */ = {
			isa = PBXGroup;
			children = (
				820F51082446588300A59340 /* AppDelegate.swift */,
				820F510A2446588300A59340 /* SceneDelegate.swift */,
				820F510C2446588300A59340 /* SimulationViewController.swift */,
				82C0B8CF245F8F9500C15006 /* ResultsViewController.swift */,
				167CBD9124593AE6006D2383 /* LaunchViewController.swift */,
				82AE4DBB245754A0000A2A80 /* MapScene.swift */,
				8296F4A224580F36002B11BD /* Case.swift */,
				820F510E2446588300A59340 /* Main.storyboard */,
				820F51112446588500A59340 /* Assets.xcassets */,
				820F51132446588500A59340 /* LaunchScreen.storyboard */,
				820F51162446588500A59340 /* Info.plist */,
				820F5138244669CB00A59340 /* CaseAnnotation.swift */,
				82AE4DFF24575BAA000A2A80 /* MapScene.sks */,
				167CBD93245A7AF2006D2383 /* CountdownLabel.swift */,
			);
			path = CoronaModel;
			sourceTree = "<group>";
		};
		820F511E2446588500A59340 /* CoronaModelTests */ = {
			isa = PBXGroup;
			children = (
				820F511F2446588500A59340 /* CoronaModelTests.swift */,
				820F51212446588500A59340 /* Info.plist */,
			);
			path = CoronaModelTests;
			sourceTree = "<group>";
		};
		820F51292446588600A59340 /* CoronaModelUITests */ = {
			isa = PBXGroup;
			children = (
				820F512A2446588600A59340 /* CoronaModelUITests.swift */,
				820F512C2446588600A59340 /* Info.plist */,
			);
			path = CoronaModelUITests;
			sourceTree = "<group>";
		};
		BFE711A723E6A072239DC372 /* Frameworks */ = {
			isa = PBXGroup;
			children = (
				8B6D72C0AED9D551082EE419 /* Pods_CoronaModel.framework */,
			);
			name = Frameworks;
			sourceTree = "<group>";
		};
		CDB389E705FFAD92BC503B47 /* Pods */ = {
			isa = PBXGroup;
			children = (
				2A17F30627E5481AA57C8318 /* Pods-CoronaModel.debug.xcconfig */,
				0E7B3221ACF6214BD911CC44 /* Pods-CoronaModel.release.xcconfig */,
			);
			path = Pods;
			sourceTree = "<group>";
		};
/* End PBXGroup section */

/* Begin PBXNativeTarget section */
		820F51042446588300A59340 /* CoronaModel */ = {
			isa = PBXNativeTarget;
			buildConfigurationList = 820F512F2446588600A59340 /* Build configuration list for PBXNativeTarget "CoronaModel" */;
			buildPhases = (
				09144C91E2F8025C8A7C821F /* [CP] Check Pods Manifest.lock */,
				820F51012446588300A59340 /* Sources */,
				820F51022446588300A59340 /* Frameworks */,
				820F51032446588300A59340 /* Resources */,
			);
			buildRules = (
			);
			dependencies = (
			);
			name = CoronaModel;
			productName = CoronaModel;
			productReference = 820F51052446588300A59340 /* CoronaModel.app */;
			productType = "com.apple.product-type.application";
		};
		820F511A2446588500A59340 /* CoronaModelTests */ = {
			isa = PBXNativeTarget;
			buildConfigurationList = 820F51322446588600A59340 /* Build configuration list for PBXNativeTarget "CoronaModelTests" */;
			buildPhases = (
				820F51172446588500A59340 /* Sources */,
				820F51182446588500A59340 /* Frameworks */,
				820F51192446588500A59340 /* Resources */,
			);
			buildRules = (
			);
			dependencies = (
				820F511D2446588500A59340 /* PBXTargetDependency */,
			);
			name = CoronaModelTests;
			productName = CoronaModelTests;
			productReference = 820F511B2446588500A59340 /* CoronaModelTests.xctest */;
			productType = "com.apple.product-type.bundle.unit-test";
		};
		820F51252446588600A59340 /* CoronaModelUITests */ = {
			isa = PBXNativeTarget;
			buildConfigurationList = 820F51352446588600A59340 /* Build configuration list for PBXNativeTarget "CoronaModelUITests" */;
			buildPhases = (
				820F51222446588600A59340 /* Sources */,
				820F51232446588600A59340 /* Frameworks */,
				820F51242446588600A59340 /* Resources */,
			);
			buildRules = (
			);
			dependencies = (
				820F51282446588600A59340 /* PBXTargetDependency */,
			);
			name = CoronaModelUITests;
			productName = CoronaModelUITests;
			productReference = 820F51262446588600A59340 /* CoronaModelUITests.xctest */;
			productType = "com.apple.product-type.bundle.ui-testing";
		};
/* End PBXNativeTarget section */

/* Begin PBXProject section */
		820F50FD2446588300A59340 /* Project object */ = {
			isa = PBXProject;
			attributes = {
				LastSwiftUpdateCheck = 1130;
				LastUpgradeCheck = 1130;
				ORGANIZATIONNAME = CarolineEvans;
				TargetAttributes = {
					820F51042446588300A59340 = {
						CreatedOnToolsVersion = 11.3.1;
					};
					820F511A2446588500A59340 = {
						CreatedOnToolsVersion = 11.3.1;
						TestTargetID = 820F51042446588300A59340;
					};
					820F51252446588600A59340 = {
						CreatedOnToolsVersion = 11.3.1;
						TestTargetID = 820F51042446588300A59340;
					};
				};
			};
			buildConfigurationList = 820F51002446588300A59340 /* Build configuration list for PBXProject "CoronaModel" */;
			compatibilityVersion = "Xcode 9.3";
			developmentRegion = en;
			hasScannedForEncodings = 0;
			knownRegions = (
				en,
				Base,
			);
			mainGroup = 820F50FC2446588300A59340;
			productRefGroup = 820F51062446588300A59340 /* Products */;
			projectDirPath = "";
			projectRoot = "";
			targets = (
				820F51042446588300A59340 /* CoronaModel */,
				820F511A2446588500A59340 /* CoronaModelTests */,
				820F51252446588600A59340 /* CoronaModelUITests */,
			);
		};
/* End PBXProject section */

/* Begin PBXResourcesBuildPhase section */
		820F51032446588300A59340 /* Resources */ = {
			isa = PBXResourcesBuildPhase;
			buildActionMask = 2147483647;
			files = (
				820F51152446588500A59340 /* LaunchScreen.storyboard in Resources */,
				820F51122446588500A59340 /* Assets.xcassets in Resources */,
				820F51102446588300A59340 /* Main.storyboard in Resources */,
				82AE4E0024575BAA000A2A80 /* MapScene.sks in Resources */,
			);
			runOnlyForDeploymentPostprocessing = 0;
		};
		820F51192446588500A59340 /* Resources */ = {
			isa = PBXResourcesBuildPhase;
			buildActionMask = 2147483647;
			files = (
			);
			runOnlyForDeploymentPostprocessing = 0;
		};
		820F51242446588600A59340 /* Resources */ = {
			isa = PBXResourcesBuildPhase;
			buildActionMask = 2147483647;
			files = (
			);
			runOnlyForDeploymentPostprocessing = 0;
		};
/* End PBXResourcesBuildPhase section */

/* Begin PBXShellScriptBuildPhase section */
		09144C91E2F8025C8A7C821F /* [CP] Check Pods Manifest.lock */ = {
			isa = PBXShellScriptBuildPhase;
			buildActionMask = 2147483647;
			files = (
			);
			inputFileListPaths = (
			);
			inputPaths = (
				"${PODS_PODFILE_DIR_PATH}/Podfile.lock",
				"${PODS_ROOT}/Manifest.lock",
			);
			name = "[CP] Check Pods Manifest.lock";
			outputFileListPaths = (
			);
			outputPaths = (
				"$(DERIVED_FILE_DIR)/Pods-CoronaModel-checkManifestLockResult.txt",
			);
			runOnlyForDeploymentPostprocessing = 0;
			shellPath = /bin/sh;
			shellScript = "diff \"${PODS_PODFILE_DIR_PATH}/Podfile.lock\" \"${PODS_ROOT}/Manifest.lock\" > /dev/null\nif [ $? != 0 ] ; then\n    # print error to STDERR\n    echo \"error: The sandbox is not in sync with the Podfile.lock. Run 'pod install' or update your CocoaPods installation.\" >&2\n    exit 1\nfi\n# This output is used by Xcode 'outputs' to avoid re-running this script phase.\necho \"SUCCESS\" > \"${SCRIPT_OUTPUT_FILE_0}\"\n";
			showEnvVarsInLog = 0;
		};
/* End PBXShellScriptBuildPhase section */

/* Begin PBXSourcesBuildPhase section */
		820F51012446588300A59340 /* Sources */ = {
			isa = PBXSourcesBuildPhase;
			buildActionMask = 2147483647;
			files = (
				167CBD94245A7AF2006D2383 /* CountdownLabel.swift in Sources */,
				82AE4DBC245754A0000A2A80 /* MapScene.swift in Sources */,
				8296F4A324580F36002B11BD /* Case.swift in Sources */,
				820F510D2446588300A59340 /* SimulationViewController.swift in Sources */,
				820F51092446588300A59340 /* AppDelegate.swift in Sources */,
				82C0B8D0245F8F9500C15006 /* ResultsViewController.swift in Sources */,
				820F5139244669CB00A59340 /* CaseAnnotation.swift in Sources */,
				167CBD9224593AE6006D2383 /* LaunchViewController.swift in Sources */,
				820F510B2446588300A59340 /* SceneDelegate.swift in Sources */,
			);
			runOnlyForDeploymentPostprocessing = 0;
		};
		820F51172446588500A59340 /* Sources */ = {
			isa = PBXSourcesBuildPhase;
			buildActionMask = 2147483647;
			files = (
				820F51202446588500A59340 /* CoronaModelTests.swift in Sources */,
			);
			runOnlyForDeploymentPostprocessing = 0;
		};
		820F51222446588600A59340 /* Sources */ = {
			isa = PBXSourcesBuildPhase;
			buildActionMask = 2147483647;
			files = (
				820F512B2446588600A59340 /* CoronaModelUITests.swift in Sources */,
			);
			runOnlyForDeploymentPostprocessing = 0;
		};
/* End PBXSourcesBuildPhase section */

/* Begin PBXTargetDependency section */
		820F511D2446588500A59340 /* PBXTargetDependency */ = {
			isa = PBXTargetDependency;
			target = 820F51042446588300A59340 /* CoronaModel */;
			targetProxy = 820F511C2446588500A59340 /* PBXContainerItemProxy */;
		};
		820F51282446588600A59340 /* PBXTargetDependency */ = {
			isa = PBXTargetDependency;
			target = 820F51042446588300A59340 /* CoronaModel */;
			targetProxy = 820F51272446588600A59340 /* PBXContainerItemProxy */;
		};
/* End PBXTargetDependency section */

/* Begin PBXVariantGroup section */
		820F510E2446588300A59340 /* Main.storyboard */ = {
			isa = PBXVariantGroup;
			children = (
				820F510F2446588300A59340 /* Base */,
			);
			name = Main.storyboard;
			sourceTree = "<group>";
		};
		820F51132446588500A59340 /* LaunchScreen.storyboard */ = {
			isa = PBXVariantGroup;
			children = (
				820F51142446588500A59340 /* Base */,
			);
			name = LaunchScreen.storyboard;
			sourceTree = "<group>";
		};
/* End PBXVariantGroup section */

/* Begin XCBuildConfiguration section */
		820F512D2446588600A59340 /* Debug */ = {
			isa = XCBuildConfiguration;
			buildSettings = {
				ALWAYS_SEARCH_USER_PATHS = NO;
				CLANG_ANALYZER_NONNULL = YES;
				CLANG_ANALYZER_NUMBER_OBJECT_CONVERSION = YES_AGGRESSIVE;
				CLANG_CXX_LANGUAGE_STANDARD = "gnu++14";
				CLANG_CXX_LIBRARY = "libc++";
				CLANG_ENABLE_MODULES = YES;
				CLANG_ENABLE_OBJC_ARC = YES;
				CLANG_ENABLE_OBJC_WEAK = YES;
				CLANG_WARN_BLOCK_CAPTURE_AUTORELEASING = YES;
				CLANG_WARN_BOOL_CONVERSION = YES;
				CLANG_WARN_COMMA = YES;
				CLANG_WARN_CONSTANT_CONVERSION = YES;
				CLANG_WARN_DEPRECATED_OBJC_IMPLEMENTATIONS = YES;
				CLANG_WARN_DIRECT_OBJC_ISA_USAGE = YES_ERROR;
				CLANG_WARN_DOCUMENTATION_COMMENTS = YES;
				CLANG_WARN_EMPTY_BODY = YES;
				CLANG_WARN_ENUM_CONVERSION = YES;
				CLANG_WARN_INFINITE_RECURSION = YES;
				CLANG_WARN_INT_CONVERSION = YES;
				CLANG_WARN_NON_LITERAL_NULL_CONVERSION = YES;
				CLANG_WARN_OBJC_IMPLICIT_RETAIN_SELF = YES;
				CLANG_WARN_OBJC_LITERAL_CONVERSION = YES;
				CLANG_WARN_OBJC_ROOT_CLASS = YES_ERROR;
				CLANG_WARN_RANGE_LOOP_ANALYSIS = YES;
				CLANG_WARN_STRICT_PROTOTYPES = YES;
				CLANG_WARN_SUSPICIOUS_MOVE = YES;
				CLANG_WARN_UNGUARDED_AVAILABILITY = YES_AGGRESSIVE;
				CLANG_WARN_UNREACHABLE_CODE = YES;
				CLANG_WARN__DUPLICATE_METHOD_MATCH = YES;
				COPY_PHASE_STRIP = NO;
				DEBUG_INFORMATION_FORMAT = dwarf;
				ENABLE_STRICT_OBJC_MSGSEND = YES;
				ENABLE_TESTABILITY = YES;
				GCC_C_LANGUAGE_STANDARD = gnu11;
				GCC_DYNAMIC_NO_PIC = NO;
				GCC_NO_COMMON_BLOCKS = YES;
				GCC_OPTIMIZATION_LEVEL = 0;
				GCC_PREPROCESSOR_DEFINITIONS = (
					"DEBUG=1",
					"$(inherited)",
				);
				GCC_WARN_64_TO_32_BIT_CONVERSION = YES;
				GCC_WARN_ABOUT_RETURN_TYPE = YES_ERROR;
				GCC_WARN_UNDECLARED_SELECTOR = YES;
				GCC_WARN_UNINITIALIZED_AUTOS = YES_AGGRESSIVE;
				GCC_WARN_UNUSED_FUNCTION = YES;
				GCC_WARN_UNUSED_VARIABLE = YES;
				IPHONEOS_DEPLOYMENT_TARGET = 13.2;
				MTL_ENABLE_DEBUG_INFO = INCLUDE_SOURCE;
				MTL_FAST_MATH = YES;
				ONLY_ACTIVE_ARCH = YES;
				SDKROOT = iphoneos;
				SWIFT_ACTIVE_COMPILATION_CONDITIONS = DEBUG;
				SWIFT_OPTIMIZATION_LEVEL = "-Onone";
			};
			name = Debug;
		};
		820F512E2446588600A59340 /* Release */ = {
			isa = XCBuildConfiguration;
			buildSettings = {
				ALWAYS_SEARCH_USER_PATHS = NO;
				CLANG_ANALYZER_NONNULL = YES;
				CLANG_ANALYZER_NUMBER_OBJECT_CONVERSION = YES_AGGRESSIVE;
				CLANG_CXX_LANGUAGE_STANDARD = "gnu++14";
				CLANG_CXX_LIBRARY = "libc++";
				CLANG_ENABLE_MODULES = YES;
				CLANG_ENABLE_OBJC_ARC = YES;
				CLANG_ENABLE_OBJC_WEAK = YES;
				CLANG_WARN_BLOCK_CAPTURE_AUTORELEASING = YES;
				CLANG_WARN_BOOL_CONVERSION = YES;
				CLANG_WARN_COMMA = YES;
				CLANG_WARN_CONSTANT_CONVERSION = YES;
				CLANG_WARN_DEPRECATED_OBJC_IMPLEMENTATIONS = YES;
				CLANG_WARN_DIRECT_OBJC_ISA_USAGE = YES_ERROR;
				CLANG_WARN_DOCUMENTATION_COMMENTS = YES;
				CLANG_WARN_EMPTY_BODY = YES;
				CLANG_WARN_ENUM_CONVERSION = YES;
				CLANG_WARN_INFINITE_RECURSION = YES;
				CLANG_WARN_INT_CONVERSION = YES;
				CLANG_WARN_NON_LITERAL_NULL_CONVERSION = YES;
				CLANG_WARN_OBJC_IMPLICIT_RETAIN_SELF = YES;
				CLANG_WARN_OBJC_LITERAL_CONVERSION = YES;
				CLANG_WARN_OBJC_ROOT_CLASS = YES_ERROR;
				CLANG_WARN_RANGE_LOOP_ANALYSIS = YES;
				CLANG_WARN_STRICT_PROTOTYPES = YES;
				CLANG_WARN_SUSPICIOUS_MOVE = YES;
				CLANG_WARN_UNGUARDED_AVAILABILITY = YES_AGGRESSIVE;
				CLANG_WARN_UNREACHABLE_CODE = YES;
				CLANG_WARN__DUPLICATE_METHOD_MATCH = YES;
				COPY_PHASE_STRIP = NO;
				DEBUG_INFORMATION_FORMAT = "dwarf-with-dsym";
				ENABLE_NS_ASSERTIONS = NO;
				ENABLE_STRICT_OBJC_MSGSEND = YES;
				GCC_C_LANGUAGE_STANDARD = gnu11;
				GCC_NO_COMMON_BLOCKS = YES;
				GCC_WARN_64_TO_32_BIT_CONVERSION = YES;
				GCC_WARN_ABOUT_RETURN_TYPE = YES_ERROR;
				GCC_WARN_UNDECLARED_SELECTOR = YES;
				GCC_WARN_UNINITIALIZED_AUTOS = YES_AGGRESSIVE;
				GCC_WARN_UNUSED_FUNCTION = YES;
				GCC_WARN_UNUSED_VARIABLE = YES;
				IPHONEOS_DEPLOYMENT_TARGET = 13.2;
				MTL_ENABLE_DEBUG_INFO = NO;
				MTL_FAST_MATH = YES;
				SDKROOT = iphoneos;
				SWIFT_COMPILATION_MODE = wholemodule;
				SWIFT_OPTIMIZATION_LEVEL = "-O";
				VALIDATE_PRODUCT = YES;
			};
			name = Release;
		};
		820F51302446588600A59340 /* Debug */ = {
			isa = XCBuildConfiguration;
			baseConfigurationReference = 2A17F30627E5481AA57C8318 /* Pods-CoronaModel.debug.xcconfig */;
			buildSettings = {
				ASSETCATALOG_COMPILER_APPICON_NAME = AppIcon;
				CODE_SIGN_STYLE = Automatic;
				DEVELOPMENT_TEAM = Y5D4N47VR3;
				INFOPLIST_FILE = CoronaModel/Info.plist;
				LD_RUNPATH_SEARCH_PATHS = (
					"$(inherited)",
					"@executable_path/Frameworks",
				);
				PRODUCT_BUNDLE_IDENTIFIER = CS.CoronaModel;
				PRODUCT_NAME = "$(TARGET_NAME)";
				SWIFT_VERSION = 5.0;
				TARGETED_DEVICE_FAMILY = "1,2";
			};
			name = Debug;
		};
		820F51312446588600A59340 /* Release */ = {
			isa = XCBuildConfiguration;
			baseConfigurationReference = 0E7B3221ACF6214BD911CC44 /* Pods-CoronaModel.release.xcconfig */;
			buildSettings = {
				ASSETCATALOG_COMPILER_APPICON_NAME = AppIcon;
				CODE_SIGN_STYLE = Automatic;
				DEVELOPMENT_TEAM = Y5D4N47VR3;
				INFOPLIST_FILE = CoronaModel/Info.plist;
				LD_RUNPATH_SEARCH_PATHS = (
					"$(inherited)",
					"@executable_path/Frameworks",
				);
				PRODUCT_BUNDLE_IDENTIFIER = CS.CoronaModel;
				PRODUCT_NAME = "$(TARGET_NAME)";
				SWIFT_VERSION = 5.0;
				TARGETED_DEVICE_FAMILY = "1,2";
			};
			name = Release;
		};
		820F51332446588600A59340 /* Debug */ = {
			isa = XCBuildConfiguration;
			buildSettings = {
				ALWAYS_EMBED_SWIFT_STANDARD_LIBRARIES = YES;
				BUNDLE_LOADER = "$(TEST_HOST)";
				CODE_SIGN_STYLE = Automatic;
				DEVELOPMENT_TEAM = Y5D4N47VR3;
				INFOPLIST_FILE = CoronaModelTests/Info.plist;
				IPHONEOS_DEPLOYMENT_TARGET = 13.2;
				LD_RUNPATH_SEARCH_PATHS = (
					"$(inherited)",
					"@executable_path/Frameworks",
					"@loader_path/Frameworks",
				);
				PRODUCT_BUNDLE_IDENTIFIER = CS.CoronaModelTests;
				PRODUCT_NAME = "$(TARGET_NAME)";
				SWIFT_VERSION = 5.0;
				TARGETED_DEVICE_FAMILY = "1,2";
				TEST_HOST = "$(BUILT_PRODUCTS_DIR)/CoronaModel.app/CoronaModel";
			};
			name = Debug;
		};
		820F51342446588600A59340 /* Release */ = {
			isa = XCBuildConfiguration;
			buildSettings = {
				ALWAYS_EMBED_SWIFT_STANDARD_LIBRARIES = YES;
				BUNDLE_LOADER = "$(TEST_HOST)";
				CODE_SIGN_STYLE = Automatic;
				DEVELOPMENT_TEAM = Y5D4N47VR3;
				INFOPLIST_FILE = CoronaModelTests/Info.plist;
				IPHONEOS_DEPLOYMENT_TARGET = 13.2;
				LD_RUNPATH_SEARCH_PATHS = (
					"$(inherited)",
					"@executable_path/Frameworks",
					"@loader_path/Frameworks",
				);
				PRODUCT_BUNDLE_IDENTIFIER = CS.CoronaModelTests;
				PRODUCT_NAME = "$(TARGET_NAME)";
				SWIFT_VERSION = 5.0;
				TARGETED_DEVICE_FAMILY = "1,2";
				TEST_HOST = "$(BUILT_PRODUCTS_DIR)/CoronaModel.app/CoronaModel";
			};
			name = Release;
		};
		820F51362446588600A59340 /* Debug */ = {
			isa = XCBuildConfiguration;
			buildSettings = {
				ALWAYS_EMBED_SWIFT_STANDARD_LIBRARIES = YES;
				CODE_SIGN_STYLE = Automatic;
				DEVELOPMENT_TEAM = Y5D4N47VR3;
				INFOPLIST_FILE = CoronaModelUITests/Info.plist;
				LD_RUNPATH_SEARCH_PATHS = (
					"$(inherited)",
					"@executable_path/Frameworks",
					"@loader_path/Frameworks",
				);
				PRODUCT_BUNDLE_IDENTIFIER = CS.CoronaModelUITests;
				PRODUCT_NAME = "$(TARGET_NAME)";
				SWIFT_VERSION = 5.0;
				TARGETED_DEVICE_FAMILY = "1,2";
				TEST_TARGET_NAME = CoronaModel;
			};
			name = Debug;
		};
		820F51372446588600A59340 /* Release */ = {
			isa = XCBuildConfiguration;
			buildSettings = {
				ALWAYS_EMBED_SWIFT_STANDARD_LIBRARIES = YES;
				CODE_SIGN_STYLE = Automatic;
				DEVELOPMENT_TEAM = Y5D4N47VR3;
				INFOPLIST_FILE = CoronaModelUITests/Info.plist;
				LD_RUNPATH_SEARCH_PATHS = (
					"$(inherited)",
					"@executable_path/Frameworks",
					"@loader_path/Frameworks",
				);
				PRODUCT_BUNDLE_IDENTIFIER = CS.CoronaModelUITests;
				PRODUCT_NAME = "$(TARGET_NAME)";
				SWIFT_VERSION = 5.0;
				TARGETED_DEVICE_FAMILY = "1,2";
				TEST_TARGET_NAME = CoronaModel;
			};
			name = Release;
		};
/* End XCBuildConfiguration section */

/* Begin XCConfigurationList section */
		820F51002446588300A59340 /* Build configuration list for PBXProject "CoronaModel" */ = {
			isa = XCConfigurationList;
			buildConfigurations = (
				820F512D2446588600A59340 /* Debug */,
				820F512E2446588600A59340 /* Release */,
			);
			defaultConfigurationIsVisible = 0;
			defaultConfigurationName = Release;
		};
		820F512F2446588600A59340 /* Build configuration list for PBXNativeTarget "CoronaModel" */ = {
			isa = XCConfigurationList;
			buildConfigurations = (
				820F51302446588600A59340 /* Debug */,
				820F51312446588600A59340 /* Release */,
			);
			defaultConfigurationIsVisible = 0;
			defaultConfigurationName = Release;
		};
		820F51322446588600A59340 /* Build configuration list for PBXNativeTarget "CoronaModelTests" */ = {
			isa = XCConfigurationList;
			buildConfigurations = (
				820F51332446588600A59340 /* Debug */,
				820F51342446588600A59340 /* Release */,
			);
			defaultConfigurationIsVisible = 0;
			defaultConfigurationName = Release;
		};
		820F51352446588600A59340 /* Build configuration list for PBXNativeTarget "CoronaModelUITests" */ = {
			isa = XCConfigurationList;
			buildConfigurations = (
				820F51362446588600A59340 /* Debug */,
				820F51372446588600A59340 /* Release */,
			);
			defaultConfigurationIsVisible = 0;
			defaultConfigurationName = Release;
		};
/* End XCConfigurationList section */
	};
	rootObject = 820F50FD2446588300A59340 /* Project object */;
}
